
Microsoft Visual Studio Solution File, Format Version 12.00
# Visual Studio Version 17
VisualStudioVersion = 17.11.35327.3
MinimumVisualStudioVersion = 10.0.40219.1
Project("{FAE04EC0-301F-11D3-BF4B-00C04F79EFBC}") = "Advent_of_code_Hazi", "Advent_of_code_Hazi\Advent_of_code_Hazi.csproj", "{0CDAF2CD-EE99-4F94-AA2A-910652527FA3}"
EndProject
Global
	GlobalSection(SolutionConfigurationPlatforms) = preSolution
		Debug|Any CPU = Debug|Any CPU
		Release|Any CPU = Release|Any CPU
	EndGlobalSection
	GlobalSection(ProjectConfigurationPlatforms) = postSolution
		{0CDAF2CD-EE99-4F94-AA2A-910652527FA3}.Debug|Any CPU.ActiveCfg = Debug|Any CPU
		{0CDAF2CD-EE99-4F94-AA2A-910652527FA3}.Debug|Any CPU.Build.0 = Debug|Any CPU
		{0CDAF2CD-EE99-4F94-AA2A-910652527FA3}.Release|Any CPU.ActiveCfg = Release|Any CPU
		{0CDAF2CD-EE99-4F94-AA2A-910652527FA3}.Release|Any CPU.Build.0 = Release|Any CPU
	EndGlobalSection
	GlobalSection(SolutionProperties) = preSolution
		HideSolutionNode = FALSE
	EndGlobalSection
	GlobalSection(ExtensibilityGlobals) = postSolution
		SolutionGuid = {4345E6DB-297B-46DE-A60B-13D6D936127A}
	EndGlobalSection
EndGlobal
